
Microsoft Visual Studio Solution File, Format Version 12.00
# Visual Studio 15
VisualStudioVersion = 15.0.26403.7
MinimumVisualStudioVersion = 10.0.40219.1
Project("{FAE04EC0-301F-11D3-BF4B-00C04F79EFBC}") = "EASVTickets", "EASVTickets\EASVTickets.csproj", "{63586FDC-4364-4CE6-8B77-AA7A8B0809C9}"
EndProject
Project("{FAE04EC0-301F-11D3-BF4B-00C04F79EFBC}") = "DAL", "DAL\DAL.csproj", "{0DDA0D8A-485C-4EFE-9EC7-8C850445955E}"
EndProject
Project("{2150E333-8FDC-42A3-9474-1A3956D46DE8}") = "Tests", "Tests", "{32471A41-7D53-4C2A-9AB5-CCABA5A74AFD}"
EndProject
Project("{FAE04EC0-301F-11D3-BF4B-00C04F79EFBC}") = "QRCodeManager", "QRCodeManager\QRCodeManager.csproj", "{224642EC-801E-4A31-BC8B-63BED38D9745}"
EndProject
Project("{FAE04EC0-301F-11D3-BF4B-00C04F79EFBC}") = "QRCodeManager.UnitTests", "QRCodeManager.UnitTests\QRCodeManager.UnitTests.csproj", "{49CA0578-C1C7-48ED-B37F-F57F7CBD6E15}"
EndProject
Project("{FAE04EC0-301F-11D3-BF4B-00C04F79EFBC}") = "DAL.UnitTests", "DAL.UnitTests\DAL.UnitTests.csproj", "{C1702C49-CB2C-44B4-9E02-6581738090AC}"
EndProject
Project("{FAE04EC0-301F-11D3-BF4B-00C04F79EFBC}") = "ConsoleTester", "DALTester\ConsoleTester.csproj", "{2F41722E-74B3-4D6A-AD79-6DA534CCE9A5}"
EndProject
Project("{FAE04EC0-301F-11D3-BF4B-00C04F79EFBC}") = "BLL", "BLL\BLL.csproj", "{9143651E-3D4D-4A78-AC4D-DA4ED7DD7F50}"
EndProject
Project("{FAE04EC0-301F-11D3-BF4B-00C04F79EFBC}") = "BLL.WebApi", "BLL.WebApi\BLL.WebApi.csproj", "{BB245C5C-9964-4FCE-916A-19931997F3D0}"
EndProject
Project("{FAE04EC0-301F-11D3-BF4B-00C04F79EFBC}") = "BLL.WebApi.Gateway", "BLL.WebApi.Gateway\BLL.WebApi.Gateway.csproj", "{BD38A482-A44A-43F5-9423-18EA43DE9B60}"
EndProject
Project("{FAE04EC0-301F-11D3-BF4B-00C04F79EFBC}") = "BLL.UnitTests", "BLL.UnitTests\BLL.UnitTests.csproj", "{CB6ABD5D-82D8-4A83-A5B4-4741D111E567}"
EndProject
Project("{FAE04EC0-301F-11D3-BF4B-00C04F79EFBC}") = "Elements", "Elements\Elements.csproj", "{35FAC971-3BAA-4FD8-9E72-EBD0373537C7}"
EndProject
Project("{FAE04EC0-301F-11D3-BF4B-00C04F79EFBC}") = "EASVTickets.SeleniumTests", "EASVTickets.SeleniumTests\EASVTickets.SeleniumTests.csproj", "{DD4F75B2-5BB7-4E7B-AEFD-81799791282A}"
EndProject
Project("{FAE04EC0-301F-11D3-BF4B-00C04F79EFBC}") = "PDFManager", "PDFManager\PDFManager.csproj", "{67BC5964-14F6-4564-B08A-9B764D907D45}"
EndProject
Global
	GlobalSection(SolutionConfigurationPlatforms) = preSolution
		Debug|Any CPU = Debug|Any CPU
		Release|Any CPU = Release|Any CPU
		Test|Any CPU = Test|Any CPU
	EndGlobalSection
	GlobalSection(ProjectConfigurationPlatforms) = postSolution
		{63586FDC-4364-4CE6-8B77-AA7A8B0809C9}.Debug|Any CPU.ActiveCfg = Debug|Any CPU
		{63586FDC-4364-4CE6-8B77-AA7A8B0809C9}.Debug|Any CPU.Build.0 = Debug|Any CPU
		{63586FDC-4364-4CE6-8B77-AA7A8B0809C9}.Release|Any CPU.ActiveCfg = Release|Any CPU
		{63586FDC-4364-4CE6-8B77-AA7A8B0809C9}.Release|Any CPU.Build.0 = Release|Any CPU
		{63586FDC-4364-4CE6-8B77-AA7A8B0809C9}.Test|Any CPU.ActiveCfg = Test|Any CPU
		{63586FDC-4364-4CE6-8B77-AA7A8B0809C9}.Test|Any CPU.Build.0 = Test|Any CPU
		{0DDA0D8A-485C-4EFE-9EC7-8C850445955E}.Debug|Any CPU.ActiveCfg = Debug|Any CPU
		{0DDA0D8A-485C-4EFE-9EC7-8C850445955E}.Debug|Any CPU.Build.0 = Debug|Any CPU
		{0DDA0D8A-485C-4EFE-9EC7-8C850445955E}.Release|Any CPU.ActiveCfg = Release|Any CPU
		{0DDA0D8A-485C-4EFE-9EC7-8C850445955E}.Release|Any CPU.Build.0 = Release|Any CPU
		{0DDA0D8A-485C-4EFE-9EC7-8C850445955E}.Test|Any CPU.ActiveCfg = Test|Any CPU
		{0DDA0D8A-485C-4EFE-9EC7-8C850445955E}.Test|Any CPU.Build.0 = Test|Any CPU
		{224642EC-801E-4A31-BC8B-63BED38D9745}.Debug|Any CPU.ActiveCfg = Debug|Any CPU
		{224642EC-801E-4A31-BC8B-63BED38D9745}.Debug|Any CPU.Build.0 = Debug|Any CPU
		{224642EC-801E-4A31-BC8B-63BED38D9745}.Release|Any CPU.ActiveCfg = Release|Any CPU
		{224642EC-801E-4A31-BC8B-63BED38D9745}.Release|Any CPU.Build.0 = Release|Any CPU
		{224642EC-801E-4A31-BC8B-63BED38D9745}.Test|Any CPU.ActiveCfg = Test|Any CPU
		{224642EC-801E-4A31-BC8B-63BED38D9745}.Test|Any CPU.Build.0 = Test|Any CPU
		{49CA0578-C1C7-48ED-B37F-F57F7CBD6E15}.Debug|Any CPU.ActiveCfg = Debug|Any CPU
		{49CA0578-C1C7-48ED-B37F-F57F7CBD6E15}.Debug|Any CPU.Build.0 = Debug|Any CPU
		{49CA0578-C1C7-48ED-B37F-F57F7CBD6E15}.Release|Any CPU.ActiveCfg = Release|Any CPU
		{49CA0578-C1C7-48ED-B37F-F57F7CBD6E15}.Release|Any CPU.Build.0 = Release|Any CPU
		{49CA0578-C1C7-48ED-B37F-F57F7CBD6E15}.Test|Any CPU.ActiveCfg = Test|Any CPU
		{49CA0578-C1C7-48ED-B37F-F57F7CBD6E15}.Test|Any CPU.Build.0 = Test|Any CPU
		{C1702C49-CB2C-44B4-9E02-6581738090AC}.Debug|Any CPU.ActiveCfg = Debug|Any CPU
		{C1702C49-CB2C-44B4-9E02-6581738090AC}.Debug|Any CPU.Build.0 = Debug|Any CPU
		{C1702C49-CB2C-44B4-9E02-6581738090AC}.Release|Any CPU.ActiveCfg = Release|Any CPU
		{C1702C49-CB2C-44B4-9E02-6581738090AC}.Release|Any CPU.Build.0 = Release|Any CPU
		{C1702C49-CB2C-44B4-9E02-6581738090AC}.Test|Any CPU.ActiveCfg = Test|Any CPU
		{C1702C49-CB2C-44B4-9E02-6581738090AC}.Test|Any CPU.Build.0 = Test|Any CPU
		{2F41722E-74B3-4D6A-AD79-6DA534CCE9A5}.Debug|Any CPU.ActiveCfg = Debug|Any CPU
		{2F41722E-74B3-4D6A-AD79-6DA534CCE9A5}.Debug|Any CPU.Build.0 = Debug|Any CPU
		{2F41722E-74B3-4D6A-AD79-6DA534CCE9A5}.Release|Any CPU.ActiveCfg = Release|Any CPU
		{2F41722E-74B3-4D6A-AD79-6DA534CCE9A5}.Release|Any CPU.Build.0 = Release|Any CPU
		{2F41722E-74B3-4D6A-AD79-6DA534CCE9A5}.Test|Any CPU.ActiveCfg = Test|Any CPU
		{2F41722E-74B3-4D6A-AD79-6DA534CCE9A5}.Test|Any CPU.Build.0 = Test|Any CPU
		{9143651E-3D4D-4A78-AC4D-DA4ED7DD7F50}.Debug|Any CPU.ActiveCfg = Debug|Any CPU
		{9143651E-3D4D-4A78-AC4D-DA4ED7DD7F50}.Debug|Any CPU.Build.0 = Debug|Any CPU
		{9143651E-3D4D-4A78-AC4D-DA4ED7DD7F50}.Release|Any CPU.ActiveCfg = Release|Any CPU
		{9143651E-3D4D-4A78-AC4D-DA4ED7DD7F50}.Release|Any CPU.Build.0 = Release|Any CPU
		{9143651E-3D4D-4A78-AC4D-DA4ED7DD7F50}.Test|Any CPU.ActiveCfg = Test|Any CPU
		{9143651E-3D4D-4A78-AC4D-DA4ED7DD7F50}.Test|Any CPU.Build.0 = Test|Any CPU
		{BB245C5C-9964-4FCE-916A-19931997F3D0}.Debug|Any CPU.ActiveCfg = Debug|Any CPU
		{BB245C5C-9964-4FCE-916A-19931997F3D0}.Debug|Any CPU.Build.0 = Debug|Any CPU
		{BB245C5C-9964-4FCE-916A-19931997F3D0}.Release|Any CPU.ActiveCfg = Release|Any CPU
		{BB245C5C-9964-4FCE-916A-19931997F3D0}.Release|Any CPU.Build.0 = Release|Any CPU
		{BB245C5C-9964-4FCE-916A-19931997F3D0}.Test|Any CPU.ActiveCfg = Test|Any CPU
		{BB245C5C-9964-4FCE-916A-19931997F3D0}.Test|Any CPU.Build.0 = Test|Any CPU
		{BD38A482-A44A-43F5-9423-18EA43DE9B60}.Debug|Any CPU.ActiveCfg = Debug|Any CPU
		{BD38A482-A44A-43F5-9423-18EA43DE9B60}.Debug|Any CPU.Build.0 = Debug|Any CPU
		{BD38A482-A44A-43F5-9423-18EA43DE9B60}.Release|Any CPU.ActiveCfg = Release|Any CPU
		{BD38A482-A44A-43F5-9423-18EA43DE9B60}.Release|Any CPU.Build.0 = Release|Any CPU
		{BD38A482-A44A-43F5-9423-18EA43DE9B60}.Test|Any CPU.ActiveCfg = Test|Any CPU
		{BD38A482-A44A-43F5-9423-18EA43DE9B60}.Test|Any CPU.Build.0 = Test|Any CPU
		{CB6ABD5D-82D8-4A83-A5B4-4741D111E567}.Debug|Any CPU.ActiveCfg = Debug|Any CPU
		{CB6ABD5D-82D8-4A83-A5B4-4741D111E567}.Debug|Any CPU.Build.0 = Debug|Any CPU
		{CB6ABD5D-82D8-4A83-A5B4-4741D111E567}.Release|Any CPU.ActiveCfg = Release|Any CPU
		{CB6ABD5D-82D8-4A83-A5B4-4741D111E567}.Release|Any CPU.Build.0 = Release|Any CPU
		{CB6ABD5D-82D8-4A83-A5B4-4741D111E567}.Test|Any CPU.ActiveCfg = Test|Any CPU
		{CB6ABD5D-82D8-4A83-A5B4-4741D111E567}.Test|Any CPU.Build.0 = Test|Any CPU
		{35FAC971-3BAA-4FD8-9E72-EBD0373537C7}.Debug|Any CPU.ActiveCfg = Debug|Any CPU
		{35FAC971-3BAA-4FD8-9E72-EBD0373537C7}.Debug|Any CPU.Build.0 = Debug|Any CPU
		{35FAC971-3BAA-4FD8-9E72-EBD0373537C7}.Release|Any CPU.ActiveCfg = Release|Any CPU
		{35FAC971-3BAA-4FD8-9E72-EBD0373537C7}.Release|Any CPU.Build.0 = Release|Any CPU
		{35FAC971-3BAA-4FD8-9E72-EBD0373537C7}.Test|Any CPU.ActiveCfg = Test|Any CPU
		{35FAC971-3BAA-4FD8-9E72-EBD0373537C7}.Test|Any CPU.Build.0 = Test|Any CPU
		{DD4F75B2-5BB7-4E7B-AEFD-81799791282A}.Debug|Any CPU.ActiveCfg = Debug|Any CPU
		{DD4F75B2-5BB7-4E7B-AEFD-81799791282A}.Debug|Any CPU.Build.0 = Debug|Any CPU
		{DD4F75B2-5BB7-4E7B-AEFD-81799791282A}.Release|Any CPU.ActiveCfg = Release|Any CPU
		{DD4F75B2-5BB7-4E7B-AEFD-81799791282A}.Release|Any CPU.Build.0 = Release|Any CPU
		{DD4F75B2-5BB7-4E7B-AEFD-81799791282A}.Test|Any CPU.ActiveCfg = Test|Any CPU
		{DD4F75B2-5BB7-4E7B-AEFD-81799791282A}.Test|Any CPU.Build.0 = Test|Any CPU
		{67BC5964-14F6-4564-B08A-9B764D907D45}.Debug|Any CPU.ActiveCfg = Debug|Any CPU
		{67BC5964-14F6-4564-B08A-9B764D907D45}.Debug|Any CPU.Build.0 = Debug|Any CPU
		{67BC5964-14F6-4564-B08A-9B764D907D45}.Release|Any CPU.ActiveCfg = Release|Any CPU
		{67BC5964-14F6-4564-B08A-9B764D907D45}.Release|Any CPU.Build.0 = Release|Any CPU
		{67BC5964-14F6-4564-B08A-9B764D907D45}.Test|Any CPU.ActiveCfg = Release|Any CPU
		{67BC5964-14F6-4564-B08A-9B764D907D45}.Test|Any CPU.Build.0 = Release|Any CPU
	EndGlobalSection
	GlobalSection(SolutionProperties) = preSolution
		HideSolutionNode = FALSE
	EndGlobalSection
	GlobalSection(NestedProjects) = preSolution
		{49CA0578-C1C7-48ED-B37F-F57F7CBD6E15} = {32471A41-7D53-4C2A-9AB5-CCABA5A74AFD}
		{C1702C49-CB2C-44B4-9E02-6581738090AC} = {32471A41-7D53-4C2A-9AB5-CCABA5A74AFD}
		{CB6ABD5D-82D8-4A83-A5B4-4741D111E567} = {32471A41-7D53-4C2A-9AB5-CCABA5A74AFD}
		{DD4F75B2-5BB7-4E7B-AEFD-81799791282A} = {32471A41-7D53-4C2A-9AB5-CCABA5A74AFD}
	EndGlobalSection
EndGlobal
